{
  "version": 4,
  "terraform_version": "1.10.3",
  "serial": 207,
  "lineage": "bf430ea5-154f-2e47-ab52-afc3f3fda08d",
  "outputs": {
    "enterprise_nginx_ip": {
      "value": "10.1.1.4",
      "type": "string"
    },
    "enterprise_ubuntu_ip": {
      "value": "10.1.1.3",
      "type": "string"
    },
    "jump_ip_enterprise_net": {
      "value": "10.1.1.2",
      "type": "string"
    },
    "jump_ip_jump_net": {
      "value": "192.168.1.2",
      "type": "string"
    }
  },
  "resources": [
    {
      "mode": "managed",
      "type": "docker_container",
      "name": "jump",
      "provider": "provider[\"registry.terraform.io/kreuzwerker/docker\"]",
      "instances": [
        {
          "schema_version": 2,
          "attributes": {
            "attach": false,
            "bridge": "",
            "capabilities": [],
            "command": [
              "sh",
              "-c",
              "service ssh start \u0026\u0026 exec tail -f /dev/null"
            ],
            "container_logs": null,
            "cpu_set": "",
            "cpu_shares": 0,
            "destroy_grace_seconds": null,
            "devices": [],
            "dns": null,
            "dns_opts": null,
            "dns_search": null,
            "domainname": "",
            "entrypoint": [],
            "env": [],
            "exit_code": null,
            "gateway": "192.168.1.1",
            "group_add": null,
            "healthcheck": null,
            "host": [],
            "hostname": "cd4cf52c2a31",
            "id": "cd4cf52c2a316bdd4ac47de74f1a15b98ba0fe70601f323f9bd71f6214976542",
            "image": "sha256:af54e7b4ba0decd1cc82a43fe370c34fdd35bd21c79527fb0c12e0b32cfa1832",
            "init": false,
            "ip_address": "192.168.1.2",
            "ip_prefix_length": 24,
            "ipc_mode": "private",
            "labels": [],
            "links": null,
            "log_driver": "json-file",
            "log_opts": null,
            "logs": false,
            "max_retry_count": 0,
            "memory": 0,
            "memory_swap": 0,
            "mounts": [],
            "must_run": true,
            "name": "jump",
            "network_alias": null,
            "network_data": [
              {
                "gateway": "192.168.1.1",
                "global_ipv6_address": "",
                "global_ipv6_prefix_length": 0,
                "ip_address": "192.168.1.2",
                "ip_prefix_length": 24,
                "ipv6_gateway": "",
                "network_name": "jump-net"
              },
              {
                "gateway": "",
                "global_ipv6_address": "",
                "global_ipv6_prefix_length": 0,
                "ip_address": "10.1.1.2",
                "ip_prefix_length": 24,
                "ipv6_gateway": "",
                "network_name": "enterprise-net"
              }
            ],
            "network_mode": "bridge",
            "networks": null,
            "networks_advanced": [
              {
                "aliases": [],
                "ipv4_address": "10.1.1.2",
                "ipv6_address": "",
                "name": "enterprise-net"
              },
              {
                "aliases": [],
                "ipv4_address": "192.168.1.2",
                "ipv6_address": "",
                "name": "jump-net"
              }
            ],
            "pid_mode": "",
            "ports": [
              {
                "external": 27022,
                "internal": 22,
                "ip": "0.0.0.0",
                "protocol": "tcp"
              },
              {
                "external": 27080,
                "internal": 80,
                "ip": "0.0.0.0",
                "protocol": "tcp"
              },
              {
                "external": 27443,
                "internal": 443,
                "ip": "0.0.0.0",
                "protocol": "tcp"
              }
            ],
            "privileged": true,
            "publish_all_ports": false,
            "read_only": false,
            "remove_volumes": true,
            "restart": "no",
            "rm": false,
            "security_opts": [
              "label=disable"
            ],
            "shm_size": 64,
            "start": true,
            "stdin_open": false,
            "storage_opts": null,
            "sysctls": null,
            "tmpfs": null,
            "tty": false,
            "ulimit": [],
            "upload": [],
            "user": "",
            "userns_mode": "",
            "volumes": [
              {
                "container_path": "/home/jump/scripts",
                "from_container": "",
                "host_path": "/D/Projects/Enterprise_infrastructure/Data/Jump/scripts",
                "read_only": true,
                "volume_name": ""
              }
            ],
            "working_dir": ""
          },
          "sensitive_attributes": [],
          "private": "eyJzY2hlbWFfdmVyc2lvbiI6IjIifQ==",
          "dependencies": [
            "docker_image.jump_image",
            "docker_network.enterprise_net",
            "docker_network.jump_net"
          ]
        }
      ]
    },
    {
      "mode": "managed",
      "type": "docker_container",
      "name": "nginx",
      "provider": "provider[\"registry.terraform.io/kreuzwerker/docker\"]",
      "instances": [
        {
          "schema_version": 2,
          "attributes": {
            "attach": false,
            "bridge": "",
            "capabilities": [],
            "command": [],
            "container_logs": null,
            "cpu_set": "",
            "cpu_shares": 0,
            "destroy_grace_seconds": null,
            "devices": [],
            "dns": null,
            "dns_opts": null,
            "dns_search": null,
            "domainname": "",
            "entrypoint": [
              "/bin/bash",
              "-c",
              "while true; do sleep 3600; done"
            ],
            "env": [],
            "exit_code": null,
            "gateway": "",
            "group_add": null,
            "healthcheck": null,
            "host": [],
            "hostname": "7ea92c148f44",
            "id": "7ea92c148f442ad9e1b3ab552a9c91841eb55f87a11deba30130922ec9801f7e",
            "image": "sha256:f876bfc1cc63d905bb9c8ebc5adc98375bb8e22920959719d1a96e8f594868fa",
            "init": false,
            "ip_address": "10.1.1.4",
            "ip_prefix_length": 24,
            "ipc_mode": "private",
            "labels": [],
            "links": null,
            "log_driver": "json-file",
            "log_opts": null,
            "logs": false,
            "max_retry_count": 0,
            "memory": 0,
            "memory_swap": 0,
            "mounts": [],
            "must_run": true,
            "name": "nginx",
            "network_alias": null,
            "network_data": [
              {
                "gateway": "",
                "global_ipv6_address": "",
                "global_ipv6_prefix_length": 0,
                "ip_address": "10.1.1.4",
                "ip_prefix_length": 24,
                "ipv6_gateway": "",
                "network_name": "enterprise-net"
              }
            ],
            "network_mode": "bridge",
            "networks": null,
            "networks_advanced": [
              {
                "aliases": [],
                "ipv4_address": "10.1.1.4",
                "ipv6_address": "",
                "name": "enterprise-net"
              }
            ],
            "pid_mode": "",
            "ports": [],
            "privileged": false,
            "publish_all_ports": false,
            "read_only": false,
            "remove_volumes": true,
            "restart": "no",
            "rm": false,
            "security_opts": [],
            "shm_size": 64,
            "start": true,
            "stdin_open": false,
            "storage_opts": null,
            "sysctls": null,
            "tmpfs": null,
            "tty": false,
            "ulimit": [],
            "upload": [],
            "user": "",
            "userns_mode": "",
            "volumes": [],
            "working_dir": ""
          },
          "sensitive_attributes": [],
          "private": "eyJzY2hlbWFfdmVyc2lvbiI6IjIifQ==",
          "dependencies": [
            "docker_network.enterprise_net"
          ]
        }
      ]
    },
    {
      "mode": "managed",
      "type": "docker_container",
      "name": "ubuntu",
      "provider": "provider[\"registry.terraform.io/kreuzwerker/docker\"]",
      "instances": [
        {
          "schema_version": 2,
          "attributes": {
            "attach": false,
            "bridge": "",
            "capabilities": [],
            "command": [],
            "container_logs": null,
            "cpu_set": "",
            "cpu_shares": 0,
            "destroy_grace_seconds": null,
            "devices": [],
            "dns": null,
            "dns_opts": null,
            "dns_search": null,
            "domainname": "",
            "entrypoint": [
              "/bin/bash",
              "-c",
              "while true; do sleep 3600; done"
            ],
            "env": [],
            "exit_code": null,
            "gateway": "",
            "group_add": null,
            "healthcheck": null,
            "host": [],
            "hostname": "9a815cb0c308",
            "id": "9a815cb0c30892fcd026cdf7b78684bfb16c54e3048d52f2f6e269c7c82969e1",
            "image": "sha256:97271d29cb7956f0908cfb1449610a2cd9cb46b004ac8af25f0255663eb364ba",
            "init": false,
            "ip_address": "10.1.1.3",
            "ip_prefix_length": 24,
            "ipc_mode": "private",
            "labels": [],
            "links": null,
            "log_driver": "json-file",
            "log_opts": null,
            "logs": false,
            "max_retry_count": 0,
            "memory": 0,
            "memory_swap": 0,
            "mounts": [],
            "must_run": true,
            "name": "enterprise-ubuntu",
            "network_alias": null,
            "network_data": [
              {
                "gateway": "",
                "global_ipv6_address": "",
                "global_ipv6_prefix_length": 0,
                "ip_address": "10.1.1.3",
                "ip_prefix_length": 24,
                "ipv6_gateway": "",
                "network_name": "enterprise-net"
              }
            ],
            "network_mode": "bridge",
            "networks": null,
            "networks_advanced": [
              {
                "aliases": [],
                "ipv4_address": "10.1.1.3",
                "ipv6_address": "",
                "name": "enterprise-net"
              }
            ],
            "pid_mode": "",
            "ports": [],
            "privileged": false,
            "publish_all_ports": false,
            "read_only": false,
            "remove_volumes": true,
            "restart": "no",
            "rm": false,
            "security_opts": [],
            "shm_size": 64,
            "start": true,
            "stdin_open": false,
            "storage_opts": null,
            "sysctls": null,
            "tmpfs": null,
            "tty": false,
            "ulimit": [],
            "upload": [],
            "user": "",
            "userns_mode": "",
            "volumes": [],
            "working_dir": ""
          },
          "sensitive_attributes": [],
          "private": "eyJzY2hlbWFfdmVyc2lvbiI6IjIifQ==",
          "dependencies": [
            "docker_network.enterprise_net"
          ]
        }
      ]
    },
    {
      "mode": "managed",
      "type": "docker_image",
      "name": "jump_image",
      "provider": "provider[\"registry.terraform.io/kreuzwerker/docker\"]",
      "instances": [
        {
          "schema_version": 0,
          "attributes": {
            "build": [
              {
                "build_arg": {},
                "dockerfile": "jump.Dockerfile",
                "force_remove": false,
                "label": {},
                "no_cache": false,
                "path": "./DockerFiles",
                "remove": true,
                "tag": [],
                "target": ""
              }
            ],
            "force_remove": null,
            "id": "sha256:af54e7b4ba0decd1cc82a43fe370c34fdd35bd21c79527fb0c12e0b32cfa1832jump:latest",
            "keep_locally": null,
            "latest": "sha256:af54e7b4ba0decd1cc82a43fe370c34fdd35bd21c79527fb0c12e0b32cfa1832",
            "name": "jump:latest",
            "output": null,
            "pull_trigger": null,
            "pull_triggers": null,
            "repo_digest": ""
          },
          "sensitive_attributes": [],
          "private": "bnVsbA=="
        }
      ]
    },
    {
      "mode": "managed",
      "type": "docker_network",
      "name": "enterprise_net",
      "provider": "provider[\"registry.terraform.io/kreuzwerker/docker\"]",
      "instances": [
        {
          "schema_version": 1,
          "attributes": {
            "attachable": false,
            "check_duplicate": null,
            "driver": "bridge",
            "id": "42246801f837edaea4c9c4b471256a8684e588f239d7d07b90815fc073ec9402",
            "ingress": false,
            "internal": true,
            "ipam_config": [
              {
                "aux_address": {},
                "gateway": "10.1.1.1",
                "ip_range": "",
                "subnet": "10.1.1.0/24"
              }
            ],
            "ipam_driver": "default",
            "ipv6": false,
            "labels": [],
            "name": "enterprise-net",
            "options": {},
            "scope": "local"
          },
          "sensitive_attributes": [],
          "private": "eyJzY2hlbWFfdmVyc2lvbiI6IjEifQ=="
        }
      ]
    },
    {
      "mode": "managed",
      "type": "docker_network",
      "name": "jump_net",
      "provider": "provider[\"registry.terraform.io/kreuzwerker/docker\"]",
      "instances": [
        {
          "schema_version": 1,
          "attributes": {
            "attachable": false,
            "check_duplicate": null,
            "driver": "bridge",
            "id": "368fe7fba7ab49da9b3d3fbdbfff1feeaaa538f7ae1e0bc33681bb1cb7e7c33b",
            "ingress": false,
            "internal": false,
            "ipam_config": [
              {
                "aux_address": {},
                "gateway": "192.168.1.1",
                "ip_range": "",
                "subnet": "192.168.1.0/24"
              }
            ],
            "ipam_driver": "default",
            "ipv6": false,
            "labels": [],
            "name": "jump-net",
            "options": {},
            "scope": "local"
          },
          "sensitive_attributes": [],
          "private": "eyJzY2hlbWFfdmVyc2lvbiI6IjEifQ=="
        }
      ]
    }
  ],
  "check_results": null
}
