{
  "version": 4,
  "terraform_version": "1.10.3",
  "serial": 124,
  "lineage": "bf430ea5-154f-2e47-ab52-afc3f3fda08d",
  "outputs": {
    "enterprise_ubuntu_ip": {
      "value": "10.1.1.3",
      "type": "string"
    },
    "jump_ip_enterprise_net": {
      "value": "10.1.1.2",
      "type": "string"
    },
    "jump_ip_jump_net": {
      "value": "192.168.1.2",
      "type": "string"
    }
  },
  "resources": [
    {
      "mode": "managed",
      "type": "docker_container",
      "name": "jump",
      "provider": "provider[\"registry.terraform.io/kreuzwerker/docker\"]",
      "instances": [
        {
          "schema_version": 2,
          "attributes": {
            "attach": false,
            "bridge": "",
            "capabilities": [],
            "command": [
              "sh",
              "-c",
              "service ssh start \u0026\u0026 exec tail -f /dev/null"
            ],
            "container_logs": null,
            "cpu_set": "",
            "cpu_shares": 0,
            "destroy_grace_seconds": null,
            "devices": [],
            "dns": null,
            "dns_opts": null,
            "dns_search": null,
            "domainname": "",
            "entrypoint": [],
            "env": [],
            "exit_code": null,
            "gateway": "",
            "group_add": null,
            "healthcheck": null,
            "host": [],
            "hostname": "c04cae55a260",
            "id": "c04cae55a2601661a9344c11342c4ea9fd5d49a33bda2420764a48cecd880b05",
            "image": "sha256:3673bc68f2011bf8bc22fb156f24c95d178030b2bdfba68e2336ef73354f989d",
            "init": false,
            "ip_address": "10.1.1.2",
            "ip_prefix_length": 24,
            "ipc_mode": "private",
            "labels": [],
            "links": null,
            "log_driver": "json-file",
            "log_opts": null,
            "logs": false,
            "max_retry_count": 0,
            "memory": 0,
            "memory_swap": 0,
            "mounts": [],
            "must_run": true,
            "name": "jump",
            "network_alias": null,
            "network_data": [
              {
                "gateway": "192.168.1.1",
                "global_ipv6_address": "",
                "global_ipv6_prefix_length": 0,
                "ip_address": "192.168.1.2",
                "ip_prefix_length": 24,
                "ipv6_gateway": "",
                "network_name": "jump-net"
              },
              {
                "gateway": "",
                "global_ipv6_address": "",
                "global_ipv6_prefix_length": 0,
                "ip_address": "10.1.1.2",
                "ip_prefix_length": 24,
                "ipv6_gateway": "",
                "network_name": "enterprise-net"
              }
            ],
            "network_mode": "bridge",
            "networks": null,
            "networks_advanced": [
              {
                "aliases": [],
                "ipv4_address": "10.1.1.2",
                "ipv6_address": "",
                "name": "enterprise-net"
              },
              {
                "aliases": [],
                "ipv4_address": "192.168.1.2",
                "ipv6_address": "",
                "name": "jump-net"
              }
            ],
            "pid_mode": "",
            "ports": [
              {
                "external": 27022,
                "internal": 22,
                "ip": "0.0.0.0",
                "protocol": "tcp"
              }
            ],
            "privileged": true,
            "publish_all_ports": false,
            "read_only": false,
            "remove_volumes": true,
            "restart": "no",
            "rm": false,
            "security_opts": [
              "label=disable"
            ],
            "shm_size": 64,
            "start": true,
            "stdin_open": false,
            "storage_opts": null,
            "sysctls": null,
            "tmpfs": null,
            "tty": false,
            "ulimit": [],
            "upload": [],
            "user": "",
            "userns_mode": "",
            "volumes": [],
            "working_dir": ""
          },
          "sensitive_attributes": [],
          "private": "eyJzY2hlbWFfdmVyc2lvbiI6IjIifQ==",
          "dependencies": [
            "docker_image.jump_image",
            "docker_network.enterprise_net",
            "docker_network.jump_net"
          ]
        }
      ]
    },
    {
      "mode": "managed",
      "type": "docker_container",
      "name": "ubuntu",
      "provider": "provider[\"registry.terraform.io/kreuzwerker/docker\"]",
      "instances": [
        {
          "schema_version": 2,
          "attributes": {
            "attach": false,
            "bridge": "",
            "capabilities": [],
            "command": [],
            "container_logs": null,
            "cpu_set": "",
            "cpu_shares": 0,
            "destroy_grace_seconds": null,
            "devices": [],
            "dns": null,
            "dns_opts": null,
            "dns_search": null,
            "domainname": "",
            "entrypoint": [
              "/bin/bash",
              "-c",
              "while true; do sleep 3600; done"
            ],
            "env": [],
            "exit_code": null,
            "gateway": "",
            "group_add": null,
            "healthcheck": null,
            "host": [],
            "hostname": "d92668487560",
            "id": "d92668487560d074281892a7b864ed0267d2e319c10b5bdc96b04a9253964c19",
            "image": "sha256:97271d29cb7956f0908cfb1449610a2cd9cb46b004ac8af25f0255663eb364ba",
            "init": false,
            "ip_address": "10.1.1.3",
            "ip_prefix_length": 24,
            "ipc_mode": "private",
            "labels": [],
            "links": null,
            "log_driver": "json-file",
            "log_opts": null,
            "logs": false,
            "max_retry_count": 0,
            "memory": 0,
            "memory_swap": 0,
            "mounts": [],
            "must_run": true,
            "name": "enterprise-ubuntu",
            "network_alias": null,
            "network_data": [
              {
                "gateway": "",
                "global_ipv6_address": "",
                "global_ipv6_prefix_length": 0,
                "ip_address": "10.1.1.3",
                "ip_prefix_length": 24,
                "ipv6_gateway": "",
                "network_name": "enterprise-net"
              }
            ],
            "network_mode": "bridge",
            "networks": null,
            "networks_advanced": [
              {
                "aliases": [],
                "ipv4_address": "10.1.1.3",
                "ipv6_address": "",
                "name": "enterprise-net"
              }
            ],
            "pid_mode": "",
            "ports": [],
            "privileged": false,
            "publish_all_ports": false,
            "read_only": false,
            "remove_volumes": true,
            "restart": "no",
            "rm": false,
            "security_opts": [],
            "shm_size": 64,
            "start": true,
            "stdin_open": false,
            "storage_opts": null,
            "sysctls": null,
            "tmpfs": null,
            "tty": false,
            "ulimit": [],
            "upload": [],
            "user": "",
            "userns_mode": "",
            "volumes": [],
            "working_dir": ""
          },
          "sensitive_attributes": [],
          "private": "eyJzY2hlbWFfdmVyc2lvbiI6IjIifQ==",
          "dependencies": [
            "docker_network.enterprise_net"
          ]
        }
      ]
    },
    {
      "mode": "managed",
      "type": "docker_image",
      "name": "jump_image",
      "provider": "provider[\"registry.terraform.io/kreuzwerker/docker\"]",
      "instances": [
        {
          "schema_version": 0,
          "attributes": {
            "build": [
              {
                "build_arg": null,
                "dockerfile": "jump.Dockerfile",
                "force_remove": null,
                "label": null,
                "no_cache": null,
                "path": "./DockerFiles",
                "remove": true,
                "tag": [],
                "target": ""
              }
            ],
            "force_remove": null,
            "id": "sha256:3673bc68f2011bf8bc22fb156f24c95d178030b2bdfba68e2336ef73354f989djump:latest",
            "keep_locally": null,
            "latest": "sha256:3673bc68f2011bf8bc22fb156f24c95d178030b2bdfba68e2336ef73354f989d",
            "name": "jump:latest",
            "output": null,
            "pull_trigger": null,
            "pull_triggers": null,
            "repo_digest": ""
          },
          "sensitive_attributes": [],
          "private": "bnVsbA=="
        }
      ]
    },
    {
      "mode": "managed",
      "type": "docker_network",
      "name": "enterprise_net",
      "provider": "provider[\"registry.terraform.io/kreuzwerker/docker\"]",
      "instances": [
        {
          "schema_version": 1,
          "attributes": {
            "attachable": false,
            "check_duplicate": null,
            "driver": "bridge",
            "id": "069936ce0f62a5ce3f25700cd0628136442ec10e856e65f068bfcd0a198e8427",
            "ingress": false,
            "internal": true,
            "ipam_config": [
              {
                "aux_address": null,
                "gateway": "10.1.1.1",
                "ip_range": "",
                "subnet": "10.1.1.0/24"
              }
            ],
            "ipam_driver": "default",
            "ipv6": false,
            "labels": [],
            "name": "enterprise-net",
            "options": {},
            "scope": "local"
          },
          "sensitive_attributes": [],
          "private": "eyJzY2hlbWFfdmVyc2lvbiI6IjEifQ=="
        }
      ]
    },
    {
      "mode": "managed",
      "type": "docker_network",
      "name": "jump_net",
      "provider": "provider[\"registry.terraform.io/kreuzwerker/docker\"]",
      "instances": [
        {
          "schema_version": 1,
          "attributes": {
            "attachable": false,
            "check_duplicate": null,
            "driver": "bridge",
            "id": "7aef66106e1dc594c8d0422286147faa1f539e24731688020c44d507367a3ef2",
            "ingress": false,
            "internal": false,
            "ipam_config": [
              {
                "aux_address": null,
                "gateway": "192.168.1.1",
                "ip_range": "",
                "subnet": "192.168.1.0/24"
              }
            ],
            "ipam_driver": "default",
            "ipv6": false,
            "labels": [],
            "name": "jump-net",
            "options": {},
            "scope": "local"
          },
          "sensitive_attributes": [],
          "private": "eyJzY2hlbWFfdmVyc2lvbiI6IjEifQ=="
        }
      ]
    }
  ],
  "check_results": null
}
